
Microsoft Visual Studio Solution File, Format Version 12.00
# Visual Studio Version 16
VisualStudioVersion = 16.0.29215.179
MinimumVisualStudioVersion = 10.0.40219.1
Project("{FAE04EC0-301F-11D3-BF4B-00C04F79EFBC}") = "WhatsApp", "WhatsApp\WhatsApp.csproj", "{9E2CE6F5-C50B-45B8-9944-8C80BBBE6076}"
EndProject
Global
	GlobalSection(SolutionConfigurationPlatforms) = preSolution
		Debug|Any CPU = Debug|Any CPU
		Release|Any CPU = Release|Any CPU
	EndGlobalSection
	GlobalSection(ProjectConfigurationPlatforms) = postSolution
		{9E2CE6F5-C50B-45B8-9944-8C80BBBE6076}.Debug|Any CPU.ActiveCfg = Debug|Any CPU
		{9E2CE6F5-C50B-45B8-9944-8C80BBBE6076}.Debug|Any CPU.Build.0 = Debug|Any CPU
		{9E2CE6F5-C50B-45B8-9944-8C80BBBE6076}.Release|Any CPU.ActiveCfg = Release|Any CPU
		{9E2CE6F5-C50B-45B8-9944-8C80BBBE6076}.Release|Any CPU.Build.0 = Release|Any CPU
	EndGlobalSection
	GlobalSection(SolutionProperties) = preSolution
		HideSolutionNode = FALSE
	EndGlobalSection
	GlobalSection(ExtensibilityGlobals) = postSolution
		SolutionGuid = {A1353769-E1BD-47A2-8149-53500BC105CC}
	EndGlobalSection
EndGlobal
